// !$*UTF8*$!
{
	archiveVersion = 1;
	classes = {
	};
	objectVersion = 55;
	objects = {

/* Begin PBXBuildFile section */
		C6124DA128AC336E00C13BA7 /* SwiftUIAPICallApp.swift in Sources */ = {isa = PBXBuildFile; fileRef = C6124DA028AC336E00C13BA7 /* SwiftUIAPICallApp.swift */; };
		C6124DA328AC336E00C13BA7 /* ContentView.swift in Sources */ = {isa = PBXBuildFile; fileRef = C6124DA228AC336E00C13BA7 /* ContentView.swift */; };
		C6124DA528AC336F00C13BA7 /* Assets.xcassets in Resources */ = {isa = PBXBuildFile; fileRef = C6124DA428AC336F00C13BA7 /* Assets.xcassets */; };
		C6124DA828AC336F00C13BA7 /* Preview Assets.xcassets in Resources */ = {isa = PBXBuildFile; fileRef = C6124DA728AC336F00C13BA7 /* Preview Assets.xcassets */; };
		C6124DB228AC337000C13BA7 /* SwiftUIAPICallTests.swift in Sources */ = {isa = PBXBuildFile; fileRef = C6124DB128AC337000C13BA7 /* SwiftUIAPICallTests.swift */; };
		C6124DBC28AC337000C13BA7 /* SwiftUIAPICallUITests.swift in Sources */ = {isa = PBXBuildFile; fileRef = C6124DBB28AC337000C13BA7 /* SwiftUIAPICallUITests.swift */; };
		C6124DBE28AC337000C13BA7 /* SwiftUIAPICallUITestsLaunchTests.swift in Sources */ = {isa = PBXBuildFile; fileRef = C6124DBD28AC337000C13BA7 /* SwiftUIAPICallUITestsLaunchTests.swift */; };
/* End PBXBuildFile section */

/* Begin PBXContainerItemProxy section */
		C6124DAE28AC337000C13BA7 /* PBXContainerItemProxy */ = {
			isa = PBXContainerItemProxy;
			containerPortal = C6124D9528AC336E00C13BA7 /* Project object */;
			proxyType = 1;
			remoteGlobalIDString = C6124D9C28AC336E00C13BA7;
			remoteInfo = SwiftUIAPICall;
		};
		C6124DB828AC337000C13BA7 /* PBXContainerItemProxy */ = {
			isa = PBXContainerItemProxy;
			containerPortal = C6124D9528AC336E00C13BA7 /* Project object */;
			proxyType = 1;
			remoteGlobalIDString = C6124D9C28AC336E00C13BA7;
			remoteInfo = SwiftUIAPICall;
		};
/* End PBXContainerItemProxy section */

/* Begin PBXFileReference section */
		C6124D9D28AC336E00C13BA7 /* SwiftUIAPICall.app */ = {isa = PBXFileReference; explicitFileType = wrapper.application; includeInIndex = 0; path = SwiftUIAPICall.app; sourceTree = BUILT_PRODUCTS_DIR; };
		C6124DA028AC336E00C13BA7 /* SwiftUIAPICallApp.swift */ = {isa = PBXFileReference; lastKnownFileType = sourcecode.swift; path = SwiftUIAPICallApp.swift; sourceTree = "<group>"; };
		C6124DA228AC336E00C13BA7 /* ContentView.swift */ = {isa = PBXFileReference; lastKnownFileType = sourcecode.swift; path = ContentView.swift; sourceTree = "<group>"; };
		C6124DA428AC336F00C13BA7 /* Assets.xcassets */ = {isa = PBXFileReference; lastKnownFileType = folder.assetcatalog; path = Assets.xcassets; sourceTree = "<group>"; };
		C6124DA728AC336F00C13BA7 /* Preview Assets.xcassets */ = {isa = PBXFileReference; lastKnownFileType = folder.assetcatalog; path = "Preview Assets.xcassets"; sourceTree = "<group>"; };
		C6124DAD28AC337000C13BA7 /* SwiftUIAPICallTests.xctest */ = {isa = PBXFileReference; explicitFileType = wrapper.cfbundle; includeInIndex = 0; path = SwiftUIAPICallTests.xctest; sourceTree = BUILT_PRODUCTS_DIR; };
		C6124DB128AC337000C13BA7 /* SwiftUIAPICallTests.swift */ = {isa = PBXFileReference; lastKnownFileType = sourcecode.swift; path = SwiftUIAPICallTests.swift; sourceTree = "<group>"; };
		C6124DB728AC337000C13BA7 /* SwiftUIAPICallUITests.xctest */ = {isa = PBXFileReference; explicitFileType = wrapper.cfbundle; includeInIndex = 0; path = SwiftUIAPICallUITests.xctest; sourceTree = BUILT_PRODUCTS_DIR; };
		C6124DBB28AC337000C13BA7 /* SwiftUIAPICallUITests.swift */ = {isa = PBXFileReference; lastKnownFileType = sourcecode.swift; path = SwiftUIAPICallUITests.swift; sourceTree = "<group>"; };
		C6124DBD28AC337000C13BA7 /* SwiftUIAPICallUITestsLaunchTests.swift */ = {isa = PBXFileReference; lastKnownFileType = sourcecode.swift; path = SwiftUIAPICallUITestsLaunchTests.swift; sourceTree = "<group>"; };
/* End PBXFileReference section */

/* Begin PBXFrameworksBuildPhase section */
		C6124D9A28AC336E00C13BA7 /* Frameworks */ = {
			isa = PBXFrameworksBuildPhase;
			buildActionMask = 2147483647;
			files = (
			);
			runOnlyForDeploymentPostprocessing = 0;
		};
		C6124DAA28AC337000C13BA7 /* Frameworks */ = {
			isa = PBXFrameworksBuildPhase;
			buildActionMask = 2147483647;
			files = (
			);
			runOnlyForDeploymentPostprocessing = 0;
		};
		C6124DB428AC337000C13BA7 /* Frameworks */ = {
			isa = PBXFrameworksBuildPhase;
			buildActionMask = 2147483647;
			files = (
			);
			runOnlyForDeploymentPostprocessing = 0;
		};
/* End PBXFrameworksBuildPhase section */

/* Begin PBXGroup section */
		C6124D9428AC336E00C13BA7 = {
			isa = PBXGroup;
			children = (
				C6124D9F28AC336E00C13BA7 /* SwiftUIAPICall */,
				C6124DB028AC337000C13BA7 /* SwiftUIAPICallTests */,
				C6124DBA28AC337000C13BA7 /* SwiftUIAPICallUITests */,
				C6124D9E28AC336E00C13BA7 /* Products */,
			);
			sourceTree = "<group>";
		};
		C6124D9E28AC336E00C13BA7 /* Products */ = {
			isa = PBXGroup;
			children = (
				C6124D9D28AC336E00C13BA7 /* SwiftUIAPICall.app */,
				C6124DAD28AC337000C13BA7 /* SwiftUIAPICallTests.xctest */,
				C6124DB728AC337000C13BA7 /* SwiftUIAPICallUITests.xctest */,
			);
			name = Products;
			sourceTree = "<group>";
		};
		C6124D9F28AC336E00C13BA7 /* SwiftUIAPICall */ = {
			isa = PBXGroup;
			children = (
				C6124DA028AC336E00C13BA7 /* SwiftUIAPICallApp.swift */,
				C6124DA228AC336E00C13BA7 /* ContentView.swift */,
				C6124DA428AC336F00C13BA7 /* Assets.xcassets */,
				C6124DA628AC336F00C13BA7 /* Preview Content */,
			);
			path = SwiftUIAPICall;
			sourceTree = "<group>";
		};
		C6124DA628AC336F00C13BA7 /* Preview Content */ = {
			isa = PBXGroup;
			children = (
				C6124DA728AC336F00C13BA7 /* Preview Assets.xcassets */,
			);
			path = "Preview Content";
			sourceTree = "<group>";
		};
		C6124DB028AC337000C13BA7 /* SwiftUIAPICallTests */ = {
			isa = PBXGroup;
			children = (
				C6124DB128AC337000C13BA7 /* SwiftUIAPICallTests.swift */,
			);
			path = SwiftUIAPICallTests;
			sourceTree = "<group>";
		};
		C6124DBA28AC337000C13BA7 /* SwiftUIAPICallUITests */ = {
			isa = PBXGroup;
			children = (
				C6124DBB28AC337000C13BA7 /* SwiftUIAPICallUITests.swift */,
				C6124DBD28AC337000C13BA7 /* SwiftUIAPICallUITestsLaunchTests.swift */,
			);
			path = SwiftUIAPICallUITests;
			sourceTree = "<group>";
		};
/* End PBXGroup section */

/* Begin PBXNativeTarget section */
		C6124D9C28AC336E00C13BA7 /* SwiftUIAPICall */ = {
			isa = PBXNativeTarget;
			buildConfigurationList = C6124DC128AC337000C13BA7 /* Build configuration list for PBXNativeTarget "SwiftUIAPICall" */;
			buildPhases = (
				C6124D9928AC336E00C13BA7 /* Sources */,
				C6124D9A28AC336E00C13BA7 /* Frameworks */,
				C6124D9B28AC336E00C13BA7 /* Resources */,
			);
			buildRules = (
			);
			dependencies = (
			);
			name = SwiftUIAPICall;
			productName = SwiftUIAPICall;
			productReference = C6124D9D28AC336E00C13BA7 /* SwiftUIAPICall.app */;
			productType = "com.apple.product-type.application";
		};
		C6124DAC28AC337000C13BA7 /* SwiftUIAPICallTests */ = {
			isa = PBXNativeTarget;
			buildConfigurationList = C6124DC428AC337000C13BA7 /* Build configuration list for PBXNativeTarget "SwiftUIAPICallTests" */;
			buildPhases = (
				C6124DA928AC337000C13BA7 /* Sources */,
				C6124DAA28AC337000C13BA7 /* Frameworks */,
				C6124DAB28AC337000C13BA7 /* Resources */,
			);
			buildRules = (
			);
			dependencies = (
				C6124DAF28AC337000C13BA7 /* PBXTargetDependency */,
			);
			name = SwiftUIAPICallTests;
			productName = SwiftUIAPICallTests;
			productReference = C6124DAD28AC337000C13BA7 /* SwiftUIAPICallTests.xctest */;
			productType = "com.apple.product-type.bundle.unit-test";
		};
		C6124DB628AC337000C13BA7 /* SwiftUIAPICallUITests */ = {
			isa = PBXNativeTarget;
			buildConfigurationList = C6124DC728AC337000C13BA7 /* Build configuration list for PBXNativeTarget "SwiftUIAPICallUITests" */;
			buildPhases = (
				C6124DB328AC337000C13BA7 /* Sources */,
				C6124DB428AC337000C13BA7 /* Frameworks */,
				C6124DB528AC337000C13BA7 /* Resources */,
			);
			buildRules = (
			);
			dependencies = (
				C6124DB928AC337000C13BA7 /* PBXTargetDependency */,
			);
			name = SwiftUIAPICallUITests;
			productName = SwiftUIAPICallUITests;
			productReference = C6124DB728AC337000C13BA7 /* SwiftUIAPICallUITests.xctest */;
			productType = "com.apple.product-type.bundle.ui-testing";
		};
/* End PBXNativeTarget section */

/* Begin PBXProject section */
		C6124D9528AC336E00C13BA7 /* Project object */ = {
			isa = PBXProject;
			attributes = {
				BuildIndependentTargetsInParallel = 1;
				LastSwiftUpdateCheck = 1340;
				LastUpgradeCheck = 1340;
				TargetAttributes = {
					C6124D9C28AC336E00C13BA7 = {
						CreatedOnToolsVersion = 13.4.1;
					};
					C6124DAC28AC337000C13BA7 = {
						CreatedOnToolsVersion = 13.4.1;
						TestTargetID = C6124D9C28AC336E00C13BA7;
					};
					C6124DB628AC337000C13BA7 = {
						CreatedOnToolsVersion = 13.4.1;
						TestTargetID = C6124D9C28AC336E00C13BA7;
					};
				};
			};
			buildConfigurationList = C6124D9828AC336E00C13BA7 /* Build configuration list for PBXProject "SwiftUIAPICall" */;
			compatibilityVersion = "Xcode 13.0";
			developmentRegion = en;
			hasScannedForEncodings = 0;
			knownRegions = (
				en,
				Base,
			);
			mainGroup = C6124D9428AC336E00C13BA7;
			productRefGroup = C6124D9E28AC336E00C13BA7 /* Products */;
			projectDirPath = "";
			projectRoot = "";
			targets = (
				C6124D9C28AC336E00C13BA7 /* SwiftUIAPICall */,
				C6124DAC28AC337000C13BA7 /* SwiftUIAPICallTests */,
				C6124DB628AC337000C13BA7 /* SwiftUIAPICallUITests */,
			);
		};
/* End PBXProject section */

/* Begin PBXResourcesBuildPhase section */
		C6124D9B28AC336E00C13BA7 /* Resources */ = {
			isa = PBXResourcesBuildPhase;
			buildActionMask = 2147483647;
			files = (
				C6124DA828AC336F00C13BA7 /* Preview Assets.xcassets in Resources */,
				C6124DA528AC336F00C13BA7 /* Assets.xcassets in Resources */,
			);
			runOnlyForDeploymentPostprocessing = 0;
		};
		C6124DAB28AC337000C13BA7 /* Resources */ = {
			isa = PBXResourcesBuildPhase;
			buildActionMask = 2147483647;
			files = (
			);
			runOnlyForDeploymentPostprocessing = 0;
		};
		C6124DB528AC337000C13BA7 /* Resources */ = {
			isa = PBXResourcesBuildPhase;
			buildActionMask = 2147483647;
			files = (
			);
			runOnlyForDeploymentPostprocessing = 0;
		};
/* End PBXResourcesBuildPhase section */

/* Begin PBXSourcesBuildPhase section */
		C6124D9928AC336E00C13BA7 /* Sources */ = {
			isa = PBXSourcesBuildPhase;
			buildActionMask = 2147483647;
			files = (
				C6124DA328AC336E00C13BA7 /* ContentView.swift in Sources */,
				C6124DA128AC336E00C13BA7 /* SwiftUIAPICallApp.swift in Sources */,
			);
			runOnlyForDeploymentPostprocessing = 0;
		};
		C6124DA928AC337000C13BA7 /* Sources */ = {
			isa = PBXSourcesBuildPhase;
			buildActionMask = 2147483647;
			files = (
				C6124DB228AC337000C13BA7 /* SwiftUIAPICallTests.swift in Sources */,
			);
			runOnlyForDeploymentPostprocessing = 0;
		};
		C6124DB328AC337000C13BA7 /* Sources */ = {
			isa = PBXSourcesBuildPhase;
			buildActionMask = 2147483647;
			files = (
				C6124DBC28AC337000C13BA7 /* SwiftUIAPICallUITests.swift in Sources */,
				C6124DBE28AC337000C13BA7 /* SwiftUIAPICallUITestsLaunchTests.swift in Sources */,
			);
			runOnlyForDeploymentPostprocessing = 0;
		};
/* End PBXSourcesBuildPhase section */

/* Begin PBXTargetDependency section */
		C6124DAF28AC337000C13BA7 /* PBXTargetDependency */ = {
			isa = PBXTargetDependency;
			target = C6124D9C28AC336E00C13BA7 /* SwiftUIAPICall */;
			targetProxy = C6124DAE28AC337000C13BA7 /* PBXContainerItemProxy */;
		};
		C6124DB928AC337000C13BA7 /* PBXTargetDependency */ = {
			isa = PBXTargetDependency;
			target = C6124D9C28AC336E00C13BA7 /* SwiftUIAPICall */;
			targetProxy = C6124DB828AC337000C13BA7 /* PBXContainerItemProxy */;
		};
/* End PBXTargetDependency section */

/* Begin XCBuildConfiguration section */
		C6124DBF28AC337000C13BA7 /* Debug */ = {
			isa = XCBuildConfiguration;
			buildSettings = {
				ALWAYS_SEARCH_USER_PATHS = NO;
				CLANG_ANALYZER_NONNULL = YES;
				CLANG_ANALYZER_NUMBER_OBJECT_CONVERSION = YES_AGGRESSIVE;
				CLANG_CXX_LANGUAGE_STANDARD = "gnu++17";
				CLANG_ENABLE_MODULES = YES;
				CLANG_ENABLE_OBJC_ARC = YES;
				CLANG_ENABLE_OBJC_WEAK = YES;
				CLANG_WARN_BLOCK_CAPTURE_AUTORELEASING = YES;
				CLANG_WARN_BOOL_CONVERSION = YES;
				CLANG_WARN_COMMA = YES;
				CLANG_WARN_CONSTANT_CONVERSION = YES;
				CLANG_WARN_DEPRECATED_OBJC_IMPLEMENTATIONS = YES;
				CLANG_WARN_DIRECT_OBJC_ISA_USAGE = YES_ERROR;
				CLANG_WARN_DOCUMENTATION_COMMENTS = YES;
				CLANG_WARN_EMPTY_BODY = YES;
				CLANG_WARN_ENUM_CONVERSION = YES;
				CLANG_WARN_INFINITE_RECURSION = YES;
				CLANG_WARN_INT_CONVERSION = YES;
				CLANG_WARN_NON_LITERAL_NULL_CONVERSION = YES;
				CLANG_WARN_OBJC_IMPLICIT_RETAIN_SELF = YES;
				CLANG_WARN_OBJC_LITERAL_CONVERSION = YES;
				CLANG_WARN_OBJC_ROOT_CLASS = YES_ERROR;
				CLANG_WARN_QUOTED_INCLUDE_IN_FRAMEWORK_HEADER = YES;
				CLANG_WARN_RANGE_LOOP_ANALYSIS = YES;
				CLANG_WARN_STRICT_PROTOTYPES = YES;
				CLANG_WARN_SUSPICIOUS_MOVE = YES;
				CLANG_WARN_UNGUARDED_AVAILABILITY = YES_AGGRESSIVE;
				CLANG_WARN_UNREACHABLE_CODE = YES;
				CLANG_WARN__DUPLICATE_METHOD_MATCH = YES;
				COPY_PHASE_STRIP = NO;
				DEBUG_INFORMATION_FORMAT = dwarf;
				ENABLE_STRICT_OBJC_MSGSEND = YES;
				ENABLE_TESTABILITY = YES;
				GCC_C_LANGUAGE_STANDARD = gnu11;
				GCC_DYNAMIC_NO_PIC = NO;
				GCC_NO_COMMON_BLOCKS = YES;
				GCC_OPTIMIZATION_LEVEL = 0;
				GCC_PREPROCESSOR_DEFINITIONS = (
					"DEBUG=1",
					"$(inherited)",
				);
				GCC_WARN_64_TO_32_BIT_CONVERSION = YES;
				GCC_WARN_ABOUT_RETURN_TYPE = YES_ERROR;
				GCC_WARN_UNDECLARED_SELECTOR = YES;
				GCC_WARN_UNINITIALIZED_AUTOS = YES_AGGRESSIVE;
				GCC_WARN_UNUSED_FUNCTION = YES;
				GCC_WARN_UNUSED_VARIABLE = YES;
				IPHONEOS_DEPLOYMENT_TARGET = 15.5;
				MTL_ENABLE_DEBUG_INFO = INCLUDE_SOURCE;
				MTL_FAST_MATH = YES;
				ONLY_ACTIVE_ARCH = YES;
				SDKROOT = iphoneos;
				SWIFT_ACTIVE_COMPILATION_CONDITIONS = DEBUG;
				SWIFT_OPTIMIZATION_LEVEL = "-Onone";
			};
			name = Debug;
		};
		C6124DC028AC337000C13BA7 /* Release */ = {
			isa = XCBuildConfiguration;
			buildSettings = {
				ALWAYS_SEARCH_USER_PATHS = NO;
				CLANG_ANALYZER_NONNULL = YES;
				CLANG_ANALYZER_NUMBER_OBJECT_CONVERSION = YES_AGGRESSIVE;
				CLANG_CXX_LANGUAGE_STANDARD = "gnu++17";
				CLANG_ENABLE_MODULES = YES;
				CLANG_ENABLE_OBJC_ARC = YES;
				CLANG_ENABLE_OBJC_WEAK = YES;
				CLANG_WARN_BLOCK_CAPTURE_AUTORELEASING = YES;
				CLANG_WARN_BOOL_CONVERSION = YES;
				CLANG_WARN_COMMA = YES;
				CLANG_WARN_CONSTANT_CONVERSION = YES;
				CLANG_WARN_DEPRECATED_OBJC_IMPLEMENTATIONS = YES;
				CLANG_WARN_DIRECT_OBJC_ISA_USAGE = YES_ERROR;
				CLANG_WARN_DOCUMENTATION_COMMENTS = YES;
				CLANG_WARN_EMPTY_BODY = YES;
				CLANG_WARN_ENUM_CONVERSION = YES;
				CLANG_WARN_INFINITE_RECURSION = YES;
				CLANG_WARN_INT_CONVERSION = YES;
				CLANG_WARN_NON_LITERAL_NULL_CONVERSION = YES;
				CLANG_WARN_OBJC_IMPLICIT_RETAIN_SELF = YES;
				CLANG_WARN_OBJC_LITERAL_CONVERSION = YES;
				CLANG_WARN_OBJC_ROOT_CLASS = YES_ERROR;
				CLANG_WARN_QUOTED_INCLUDE_IN_FRAMEWORK_HEADER = YES;
				CLANG_WARN_RANGE_LOOP_ANALYSIS = YES;
				CLANG_WARN_STRICT_PROTOTYPES = YES;
				CLANG_WARN_SUSPICIOUS_MOVE = YES;
				CLANG_WARN_UNGUARDED_AVAILABILITY = YES_AGGRESSIVE;
				CLANG_WARN_UNREACHABLE_CODE = YES;
				CLANG_WARN__DUPLICATE_METHOD_MATCH = YES;
				COPY_PHASE_STRIP = NO;
				DEBUG_INFORMATION_FORMAT = "dwarf-with-dsym";
				ENABLE_NS_ASSERTIONS = NO;
				ENABLE_STRICT_OBJC_MSGSEND = YES;
				GCC_C_LANGUAGE_STANDARD = gnu11;
				GCC_NO_COMMON_BLOCKS = YES;
				GCC_WARN_64_TO_32_BIT_CONVERSION = YES;
				GCC_WARN_ABOUT_RETURN_TYPE = YES_ERROR;
				GCC_WARN_UNDECLARED_SELECTOR = YES;
				GCC_WARN_UNINITIALIZED_AUTOS = YES_AGGRESSIVE;
				GCC_WARN_UNUSED_FUNCTION = YES;
				GCC_WARN_UNUSED_VARIABLE = YES;
				IPHONEOS_DEPLOYMENT_TARGET = 15.5;
				MTL_ENABLE_DEBUG_INFO = NO;
				MTL_FAST_MATH = YES;
				SDKROOT = iphoneos;
				SWIFT_COMPILATION_MODE = wholemodule;
				SWIFT_OPTIMIZATION_LEVEL = "-O";
				VALIDATE_PRODUCT = YES;
			};
			name = Release;
		};
		C6124DC228AC337000C13BA7 /* Debug */ = {
			isa = XCBuildConfiguration;
			buildSettings = {
				ASSETCATALOG_COMPILER_APPICON_NAME = AppIcon;
				ASSETCATALOG_COMPILER_GLOBAL_ACCENT_COLOR_NAME = AccentColor;
				CODE_SIGN_STYLE = Automatic;
				CURRENT_PROJECT_VERSION = 1;
				DEVELOPMENT_ASSET_PATHS = "\"SwiftUIAPICall/Preview Content\"";
				DEVELOPMENT_TEAM = RKZTN2J83Q;
				ENABLE_PREVIEWS = YES;
				GENERATE_INFOPLIST_FILE = YES;
				INFOPLIST_KEY_UIApplicationSceneManifest_Generation = YES;
				INFOPLIST_KEY_UIApplicationSupportsIndirectInputEvents = YES;
				INFOPLIST_KEY_UILaunchScreen_Generation = YES;
				INFOPLIST_KEY_UISupportedInterfaceOrientations_iPad = "UIInterfaceOrientationPortrait UIInterfaceOrientationPortraitUpsideDown UIInterfaceOrientationLandscapeLeft UIInterfaceOrientationLandscapeRight";
				INFOPLIST_KEY_UISupportedInterfaceOrientations_iPhone = "UIInterfaceOrientationPortrait UIInterfaceOrientationLandscapeLeft UIInterfaceOrientationLandscapeRight";
				LD_RUNPATH_SEARCH_PATHS = (
					"$(inherited)",
					"@executable_path/Frameworks",
				);
				MARKETING_VERSION = 1.0;
				PRODUCT_BUNDLE_IDENTIFIER = com.carolineladouce.SwiftUIAPICall;
				PRODUCT_NAME = "$(TARGET_NAME)";
				SWIFT_EMIT_LOC_STRINGS = YES;
				SWIFT_VERSION = 5.0;
				TARGETED_DEVICE_FAMILY = "1,2";
			};
			name = Debug;
		};
		C6124DC328AC337000C13BA7 /* Release */ = {
			isa = XCBuildConfiguration;
			buildSettings = {
				ASSETCATALOG_COMPILER_APPICON_NAME = AppIcon;
				ASSETCATALOG_COMPILER_GLOBAL_ACCENT_COLOR_NAME = AccentColor;
				CODE_SIGN_STYLE = Automatic;
				CURRENT_PROJECT_VERSION = 1;
				DEVELOPMENT_ASSET_PATHS = "\"SwiftUIAPICall/Preview Content\"";
				DEVELOPMENT_TEAM = RKZTN2J83Q;
				ENABLE_PREVIEWS = YES;
				GENERATE_INFOPLIST_FILE = YES;
				INFOPLIST_KEY_UIApplicationSceneManifest_Generation = YES;
				INFOPLIST_KEY_UIApplicationSupportsIndirectInputEvents = YES;
				INFOPLIST_KEY_UILaunchScreen_Generation = YES;
				INFOPLIST_KEY_UISupportedInterfaceOrientations_iPad = "UIInterfaceOrientationPortrait UIInterfaceOrientationPortraitUpsideDown UIInterfaceOrientationLandscapeLeft UIInterfaceOrientationLandscapeRight";
				INFOPLIST_KEY_UISupportedInterfaceOrientations_iPhone = "UIInterfaceOrientationPortrait UIInterfaceOrientationLandscapeLeft UIInterfaceOrientationLandscapeRight";
				LD_RUNPATH_SEARCH_PATHS = (
					"$(inherited)",
					"@executable_path/Frameworks",
				);
				MARKETING_VERSION = 1.0;
				PRODUCT_BUNDLE_IDENTIFIER = com.carolineladouce.SwiftUIAPICall;
				PRODUCT_NAME = "$(TARGET_NAME)";
				SWIFT_EMIT_LOC_STRINGS = YES;
				SWIFT_VERSION = 5.0;
				TARGETED_DEVICE_FAMILY = "1,2";
			};
			name = Release;
		};
		C6124DC528AC337000C13BA7 /* Debug */ = {
			isa = XCBuildConfiguration;
			buildSettings = {
				ALWAYS_EMBED_SWIFT_STANDARD_LIBRARIES = YES;
				BUNDLE_LOADER = "$(TEST_HOST)";
				CODE_SIGN_STYLE = Automatic;
				CURRENT_PROJECT_VERSION = 1;
				DEVELOPMENT_TEAM = RKZTN2J83Q;
				GENERATE_INFOPLIST_FILE = YES;
				IPHONEOS_DEPLOYMENT_TARGET = 15.5;
				MARKETING_VERSION = 1.0;
				PRODUCT_BUNDLE_IDENTIFIER = com.carolineladouce.SwiftUIAPICallTests;
				PRODUCT_NAME = "$(TARGET_NAME)";
				SWIFT_EMIT_LOC_STRINGS = NO;
				SWIFT_VERSION = 5.0;
				TARGETED_DEVICE_FAMILY = "1,2";
				TEST_HOST = "$(BUILT_PRODUCTS_DIR)/SwiftUIAPICall.app/SwiftUIAPICall";
			};
			name = Debug;
		};
		C6124DC628AC337000C13BA7 /* Release */ = {
			isa = XCBuildConfiguration;
			buildSettings = {
				ALWAYS_EMBED_SWIFT_STANDARD_LIBRARIES = YES;
				BUNDLE_LOADER = "$(TEST_HOST)";
				CODE_SIGN_STYLE = Automatic;
				CURRENT_PROJECT_VERSION = 1;
				DEVELOPMENT_TEAM = RKZTN2J83Q;
				GENERATE_INFOPLIST_FILE = YES;
				IPHONEOS_DEPLOYMENT_TARGET = 15.5;
				MARKETING_VERSION = 1.0;
				PRODUCT_BUNDLE_IDENTIFIER = com.carolineladouce.SwiftUIAPICallTests;
				PRODUCT_NAME = "$(TARGET_NAME)";
				SWIFT_EMIT_LOC_STRINGS = NO;
				SWIFT_VERSION = 5.0;
				TARGETED_DEVICE_FAMILY = "1,2";
				TEST_HOST = "$(BUILT_PRODUCTS_DIR)/SwiftUIAPICall.app/SwiftUIAPICall";
			};
			name = Release;
		};
		C6124DC828AC337000C13BA7 /* Debug */ = {
			isa = XCBuildConfiguration;
			buildSettings = {
				ALWAYS_EMBED_SWIFT_STANDARD_LIBRARIES = YES;
				CODE_SIGN_STYLE = Automatic;
				CURRENT_PROJECT_VERSION = 1;
				DEVELOPMENT_TEAM = RKZTN2J83Q;
				GENERATE_INFOPLIST_FILE = YES;
				MARKETING_VERSION = 1.0;
				PRODUCT_BUNDLE_IDENTIFIER = com.carolineladouce.SwiftUIAPICallUITests;
				PRODUCT_NAME = "$(TARGET_NAME)";
				SWIFT_EMIT_LOC_STRINGS = NO;
				SWIFT_VERSION = 5.0;
				TARGETED_DEVICE_FAMILY = "1,2";
				TEST_TARGET_NAME = SwiftUIAPICall;
			};
			name = Debug;
		};
		C6124DC928AC337000C13BA7 /* Release */ = {
			isa = XCBuildConfiguration;
			buildSettings = {
				ALWAYS_EMBED_SWIFT_STANDARD_LIBRARIES = YES;
				CODE_SIGN_STYLE = Automatic;
				CURRENT_PROJECT_VERSION = 1;
				DEVELOPMENT_TEAM = RKZTN2J83Q;
				GENERATE_INFOPLIST_FILE = YES;
				MARKETING_VERSION = 1.0;
				PRODUCT_BUNDLE_IDENTIFIER = com.carolineladouce.SwiftUIAPICallUITests;
				PRODUCT_NAME = "$(TARGET_NAME)";
				SWIFT_EMIT_LOC_STRINGS = NO;
				SWIFT_VERSION = 5.0;
				TARGETED_DEVICE_FAMILY = "1,2";
				TEST_TARGET_NAME = SwiftUIAPICall;
			};
			name = Release;
		};
/* End XCBuildConfiguration section */

/* Begin XCConfigurationList section */
		C6124D9828AC336E00C13BA7 /* Build configuration list for PBXProject "SwiftUIAPICall" */ = {
			isa = XCConfigurationList;
			buildConfigurations = (
				C6124DBF28AC337000C13BA7 /* Debug */,
				C6124DC028AC337000C13BA7 /* Release */,
			);
			defaultConfigurationIsVisible = 0;
			defaultConfigurationName = Release;
		};
		C6124DC128AC337000C13BA7 /* Build configuration list for PBXNativeTarget "SwiftUIAPICall" */ = {
			isa = XCConfigurationList;
			buildConfigurations = (
				C6124DC228AC337000C13BA7 /* Debug */,
				C6124DC328AC337000C13BA7 /* Release */,
			);
			defaultConfigurationIsVisible = 0;
			defaultConfigurationName = Release;
		};
		C6124DC428AC337000C13BA7 /* Build configuration list for PBXNativeTarget "SwiftUIAPICallTests" */ = {
			isa = XCConfigurationList;
			buildConfigurations = (
				C6124DC528AC337000C13BA7 /* Debug */,
				C6124DC628AC337000C13BA7 /* Release */,
			);
			defaultConfigurationIsVisible = 0;
			defaultConfigurationName = Release;
		};
		C6124DC728AC337000C13BA7 /* Build configuration list for PBXNativeTarget "SwiftUIAPICallUITests" */ = {
			isa = XCConfigurationList;
			buildConfigurations = (
				C6124DC828AC337000C13BA7 /* Debug */,
				C6124DC928AC337000C13BA7 /* Release */,
			);
			defaultConfigurationIsVisible = 0;
			defaultConfigurationName = Release;
		};
/* End XCConfigurationList section */
	};
	rootObject = C6124D9528AC336E00C13BA7 /* Project object */;
}
